
Microsoft Visual Studio Solution File, Format Version 12.00
# Visual Studio Version 17
VisualStudioVersion = 17.4.33213.308
MinimumVisualStudioVersion = 10.0.40219.1
Project("{FAE04EC0-301F-11D3-BF4B-00C04F79EFBC}") = "asp_student_crud_api", "asp_student_crud_api\asp_student_crud_api.csproj", "{38A777D8-878B-40E7-9EE8-B9C6089C4839}"
EndProject
Global
	GlobalSection(SolutionConfigurationPlatforms) = preSolution
		Debug|Any CPU = Debug|Any CPU
		Release|Any CPU = Release|Any CPU
	EndGlobalSection
	GlobalSection(ProjectConfigurationPlatforms) = postSolution
		{38A777D8-878B-40E7-9EE8-B9C6089C4839}.Debug|Any CPU.ActiveCfg = Debug|Any CPU
		{38A777D8-878B-40E7-9EE8-B9C6089C4839}.Debug|Any CPU.Build.0 = Debug|Any CPU
		{38A777D8-878B-40E7-9EE8-B9C6089C4839}.Release|Any CPU.ActiveCfg = Release|Any CPU
		{38A777D8-878B-40E7-9EE8-B9C6089C4839}.Release|Any CPU.Build.0 = Release|Any CPU
	EndGlobalSection
	GlobalSection(SolutionProperties) = preSolution
		HideSolutionNode = FALSE
	EndGlobalSection
	GlobalSection(ExtensibilityGlobals) = postSolution
		SolutionGuid = {034A6866-D328-4DE7-B66E-82AE0A20B8E6}
	EndGlobalSection
EndGlobal
